
Microsoft Visual Studio Solution File, Format Version 12.00
# Visual Studio Version 17
VisualStudioVersion = 17.4.33122.133
MinimumVisualStudioVersion = 10.0.40219.1
Project("{FAE04EC0-301F-11D3-BF4B-00C04F79EFBC}") = "Thread class", "ConsoleApp5\Thread class.csproj", "{A712E101-B294-423B-9FEA-1818FCBC75B0}"
EndProject
Global
	GlobalSection(SolutionConfigurationPlatforms) = preSolution
		Debug|Any CPU = Debug|Any CPU
		Release|Any CPU = Release|Any CPU
	EndGlobalSection
	GlobalSection(ProjectConfigurationPlatforms) = postSolution
		{A712E101-B294-423B-9FEA-1818FCBC75B0}.Debug|Any CPU.ActiveCfg = Debug|Any CPU
		{A712E101-B294-423B-9FEA-1818FCBC75B0}.Debug|Any CPU.Build.0 = Debug|Any CPU
		{A712E101-B294-423B-9FEA-1818FCBC75B0}.Release|Any CPU.ActiveCfg = Release|Any CPU
		{A712E101-B294-423B-9FEA-1818FCBC75B0}.Release|Any CPU.Build.0 = Release|Any CPU
	EndGlobalSection
	GlobalSection(SolutionProperties) = preSolution
		HideSolutionNode = FALSE
	EndGlobalSection
	GlobalSection(ExtensibilityGlobals) = postSolution
		SolutionGuid = {4DE962E2-D8CC-4200-82BE-79C71E553660}
	EndGlobalSection
EndGlobal
